
Microsoft Visual Studio Solution File, Format Version 12.00
# Visual Studio Version 17
VisualStudioVersion = 17.3.32929.385
MinimumVisualStudioVersion = 10.0.40219.1
Project("{FAE04EC0-301F-11D3-BF4B-00C04F79EFBC}") = "HW2", "HW2\HW2.csproj", "{984B9BF7-0570-4192-9F4F-05BC97A4D60C}"
EndProject
Global
	GlobalSection(SolutionConfigurationPlatforms) = preSolution
		Debug|Any CPU = Debug|Any CPU
		Release|Any CPU = Release|Any CPU
	EndGlobalSection
	GlobalSection(ProjectConfigurationPlatforms) = postSolution
		{984B9BF7-0570-4192-9F4F-05BC97A4D60C}.Debug|Any CPU.ActiveCfg = Debug|Any CPU
		{984B9BF7-0570-4192-9F4F-05BC97A4D60C}.Debug|Any CPU.Build.0 = Debug|Any CPU
		{984B9BF7-0570-4192-9F4F-05BC97A4D60C}.Release|Any CPU.ActiveCfg = Release|Any CPU
		{984B9BF7-0570-4192-9F4F-05BC97A4D60C}.Release|Any CPU.Build.0 = Release|Any CPU
	EndGlobalSection
	GlobalSection(SolutionProperties) = preSolution
		HideSolutionNode = FALSE
	EndGlobalSection
	GlobalSection(ExtensibilityGlobals) = postSolution
		SolutionGuid = {A738BDB7-FCF6-42ED-A5B2-E198488BDD67}
	EndGlobalSection
EndGlobal
